
Microsoft Visual Studio Solution File, Format Version 12.00
# Visual Studio Version 17
VisualStudioVersion = 17.11.35208.52
MinimumVisualStudioVersion = 10.0.40219.1
Project("{9A19103F-16F7-4668-BE54-9A1E7A4F7556}") = "FinSpotAPI.Web", "FinSpotAPI.Web\FinSpotAPI.Web.csproj", "{8ACA2842-34CA-4FDF-B462-D5D0972AE287}"
EndProject
Project("{9A19103F-16F7-4668-BE54-9A1E7A4F7556}") = "FinSpotAPI.Application", "FinSpotAPI.Application\FinSpotAPI.Application.csproj", "{37143EA4-9C6C-44E2-A1BF-B006664F89D3}"
EndProject
Project("{9A19103F-16F7-4668-BE54-9A1E7A4F7556}") = "FinSpotAPI.Domain", "FinSpotAPI.Domain\FinSpotAPI.Domain.csproj", "{764446B1-BD8A-44CF-8743-7027E77F5BBB}"
EndProject
Project("{9A19103F-16F7-4668-BE54-9A1E7A4F7556}") = "FinSpotAPI.Infrastructure", "FinSpotAPI.Infrastructure\FinSpotAPI.Infrastructure.csproj", "{A9D07089-9019-4212-9B43-0BE948F97975}"
EndProject
Project("{9A19103F-16F7-4668-BE54-9A1E7A4F7556}") = "FinSpotAPI.Common", "FinSpotAPI.Common\FinSpotAPI.Common.csproj", "{2A454D35-3FDA-499E-9010-265F38361044}"
EndProject
Project("{FAE04EC0-301F-11D3-BF4B-00C04F79EFBC}") = "FinSpotAPI.Domain.Migrations", "FinSpotAPI.Domain.Migrations\FinSpotAPI.Domain.Migrations.csproj", "{10D8C726-5710-4ADE-8813-A60B6443B06B}"
EndProject
Global
	GlobalSection(SolutionConfigurationPlatforms) = preSolution
		Debug|Any CPU = Debug|Any CPU
		Release|Any CPU = Release|Any CPU
	EndGlobalSection
	GlobalSection(ProjectConfigurationPlatforms) = postSolution
		{8ACA2842-34CA-4FDF-B462-D5D0972AE287}.Debug|Any CPU.ActiveCfg = Debug|Any CPU
		{8ACA2842-34CA-4FDF-B462-D5D0972AE287}.Debug|Any CPU.Build.0 = Debug|Any CPU
		{8ACA2842-34CA-4FDF-B462-D5D0972AE287}.Release|Any CPU.ActiveCfg = Release|Any CPU
		{8ACA2842-34CA-4FDF-B462-D5D0972AE287}.Release|Any CPU.Build.0 = Release|Any CPU
		{37143EA4-9C6C-44E2-A1BF-B006664F89D3}.Debug|Any CPU.ActiveCfg = Debug|Any CPU
		{37143EA4-9C6C-44E2-A1BF-B006664F89D3}.Debug|Any CPU.Build.0 = Debug|Any CPU
		{37143EA4-9C6C-44E2-A1BF-B006664F89D3}.Release|Any CPU.ActiveCfg = Release|Any CPU
		{37143EA4-9C6C-44E2-A1BF-B006664F89D3}.Release|Any CPU.Build.0 = Release|Any CPU
		{764446B1-BD8A-44CF-8743-7027E77F5BBB}.Debug|Any CPU.ActiveCfg = Debug|Any CPU
		{764446B1-BD8A-44CF-8743-7027E77F5BBB}.Debug|Any CPU.Build.0 = Debug|Any CPU
		{764446B1-BD8A-44CF-8743-7027E77F5BBB}.Release|Any CPU.ActiveCfg = Release|Any CPU
		{764446B1-BD8A-44CF-8743-7027E77F5BBB}.Release|Any CPU.Build.0 = Release|Any CPU
		{A9D07089-9019-4212-9B43-0BE948F97975}.Debug|Any CPU.ActiveCfg = Debug|Any CPU
		{A9D07089-9019-4212-9B43-0BE948F97975}.Debug|Any CPU.Build.0 = Debug|Any CPU
		{A9D07089-9019-4212-9B43-0BE948F97975}.Release|Any CPU.ActiveCfg = Release|Any CPU
		{A9D07089-9019-4212-9B43-0BE948F97975}.Release|Any CPU.Build.0 = Release|Any CPU
		{2A454D35-3FDA-499E-9010-265F38361044}.Debug|Any CPU.ActiveCfg = Debug|Any CPU
		{2A454D35-3FDA-499E-9010-265F38361044}.Debug|Any CPU.Build.0 = Debug|Any CPU
		{2A454D35-3FDA-499E-9010-265F38361044}.Release|Any CPU.ActiveCfg = Release|Any CPU
		{2A454D35-3FDA-499E-9010-265F38361044}.Release|Any CPU.Build.0 = Release|Any CPU
		{10D8C726-5710-4ADE-8813-A60B6443B06B}.Debug|Any CPU.ActiveCfg = Debug|Any CPU
		{10D8C726-5710-4ADE-8813-A60B6443B06B}.Debug|Any CPU.Build.0 = Debug|Any CPU
		{10D8C726-5710-4ADE-8813-A60B6443B06B}.Release|Any CPU.ActiveCfg = Release|Any CPU
		{10D8C726-5710-4ADE-8813-A60B6443B06B}.Release|Any CPU.Build.0 = Release|Any CPU
	EndGlobalSection
	GlobalSection(SolutionProperties) = preSolution
		HideSolutionNode = FALSE
	EndGlobalSection
	GlobalSection(ExtensibilityGlobals) = postSolution
		SolutionGuid = {DDF7D454-4F4B-40CF-A09B-6A15E401CD75}
	EndGlobalSection
EndGlobal
